
Microsoft Visual Studio Solution File, Format Version 12.00
Project("{FAE04EC0-301F-11D3-BF4B-00C04F79EFBC}") = "ClusteringKMeans", "ClusteringKMeans\ClusteringKMeans.csproj", "{B4EB2815-6358-46F9-8427-ED9A4BDC1B70}"
EndProject
Global
	GlobalSection(SolutionConfigurationPlatforms) = preSolution
		Debug|Any CPU = Debug|Any CPU
		Release|Any CPU = Release|Any CPU
	EndGlobalSection
	GlobalSection(ProjectConfigurationPlatforms) = postSolution
		{B4EB2815-6358-46F9-8427-ED9A4BDC1B70}.Debug|Any CPU.ActiveCfg = Debug|Any CPU
		{B4EB2815-6358-46F9-8427-ED9A4BDC1B70}.Debug|Any CPU.Build.0 = Debug|Any CPU
		{B4EB2815-6358-46F9-8427-ED9A4BDC1B70}.Release|Any CPU.ActiveCfg = Release|Any CPU
		{B4EB2815-6358-46F9-8427-ED9A4BDC1B70}.Release|Any CPU.Build.0 = Release|Any CPU
	EndGlobalSection
EndGlobal
